{
    "doctrine/annotations": {
        "version": "1.14",
        "recipe": {
            "repo": "github.com/symfony/recipes",
            "branch": "main",
            "version": "1.0",
            "ref": "a2759dd6123694c8d901d0ec80006e044c2e6457"
        },
        "files": [
            "config/routes/annotations.yaml"
        ]
    },
    "doctrine/deprecations": {
        "version": "1.1",
        "recipe": {
            "repo": "github.com/symfony/recipes",
            "branch": "main",
            "version": "1.0",
            "ref": "87424683adc81d7dc305eefec1fced883084aab9"
        }
    },
    "doctrine/doctrine-bundle": {
        "version": "2.3",
        "recipe": {
            "repo": "github.com/symfony/recipes",
            "branch": "main",
            "version": "2.3",
            "ref": "018748af7d7e778bfd2eade71d3fec72faaa2440"
        },
        "files": [
            "config/packages/doctrine.yaml",
            "config/packages/prod/doctrine.yaml",
            "config/packages/test/doctrine.yaml",
            "src/Entity/.gitignore",
            "src/Repository/.gitignore"
        ]
    },
    "doctrine/doctrine-fixtures-bundle": {
        "version": "3.4",
        "recipe": {
            "repo": "github.com/symfony/recipes",
            "branch": "main",
            "version": "3.0",
            "ref": "1f5514cfa15b947298df4d771e694e578d4c204d"
        },
        "files": [
            "src/DataFixtures/AppFixtures.php"
        ]
    },
    "doctrine/doctrine-migrations-bundle": {
        "version": "3.2",
        "recipe": {
            "repo": "github.com/symfony/recipes",
            "branch": "main",
            "version": "3.1",
            "ref": "1d01ec03c6ecbd67c3375c5478c9a423ae5d6a33"
        },
        "files": [
            "config/packages/doctrine_migrations.yaml",
            "migrations/.gitignore"
        ]
    },
    "friendsofsymfony/oauth-server-bundle": {
        "version": "1.6",
        "recipe": {
            "repo": "github.com/symfony/recipes-contrib",
            "branch": "main",
            "version": "1.6",
            "ref": "7300db1277b1ba025cdc2791171d9bf3e7adcc42"
        },
        "files": [
            "config/packages/fos_oauth_server.yaml",
            "config/routes/fos_oauth_server.yaml",
            "src/Entity/AccessToken.php",
            "src/Entity/AuthCode.php",
            "src/Entity/Client.php",
            "src/Entity/RefreshToken.php"
        ]
    },
    "friendsofsymfony/user-bundle": {
        "version": "v2.2.4"
    },
    "knpuniversity/oauth2-client-bundle": {
        "version": "1.34",
        "recipe": {
            "repo": "github.com/symfony/recipes-contrib",
            "branch": "main",
            "version": "1.20",
            "ref": "1ff300d8c030f55c99219cc55050b97a695af3f6"
        },
        "files": [
            "config/packages/knpu_oauth2_client.yaml"
        ]
    },
    "liip/imagine-bundle": {
        "version": "2.12",
        "recipe": {
            "repo": "github.com/symfony/recipes-contrib",
            "branch": "main",
            "version": "1.8",
            "ref": "d1227d002b70d1a1f941d91845fcd7ac7fbfc929"
        },
        "files": [
            "config/packages/liip_imagine.yaml",
            "config/routes/liip_imagine.yaml"
        ]
    },
    "ornicar/gravatar-bundle": {
        "version": "1.3.0"
    },
    "phpstan/phpstan": {
        "version": "1.10",
        "recipe": {
            "repo": "github.com/symfony/recipes-contrib",
            "branch": "main",
            "version": "1.0",
            "ref": "5e490cc197fb6bb1ae22e5abbc531ddc633b6767"
        },
        "files": [
            "phpstan.dist.neon"
        ]
    },
    "phpunit/phpunit": {
        "version": "9.6",
        "recipe": {
            "repo": "github.com/symfony/recipes",
            "branch": "main",
            "version": "9.6",
            "ref": "7364a21d87e658eb363c5020c072ecfdc12e2326"
        },
        "files": [
            ".env.test",
            "phpunit.xml.dist",
            "tests/bootstrap.php"
        ]
    },
    "sensio/framework-extra-bundle": {
        "version": "6.2",
        "recipe": {
            "repo": "github.com/symfony/recipes",
            "branch": "main",
            "version": "5.2",
            "ref": "fb7e19da7f013d0d422fa9bce16f5c510e27609b"
        },
        "files": [
            "config/packages/sensio_framework_extra.yaml"
        ]
    },
    "symfony/console": {
        "version": "4.4",
        "recipe": {
            "repo": "github.com/symfony/recipes",
            "branch": "main",
            "version": "4.4",
            "ref": "fd5340d07d4c90504843b53da41525cf42e31f5c"
        },
        "files": [
            "bin/console",
            "config/bootstrap.php"
        ]
    },
    "symfony/flex": {
        "version": "1.21",
        "recipe": {
            "repo": "github.com/symfony/recipes",
            "branch": "main",
            "version": "1.0",
            "ref": "146251ae39e06a95be0fe3d13c807bcf3938b172"
        },
        "files": [
            ".env"
        ]
    },
    "symfony/framework-bundle": {
        "version": "4.4",
        "recipe": {
            "repo": "github.com/symfony/recipes",
            "branch": "main",
            "version": "4.4",
            "ref": "24eb45d1355810154890460e6a05c0ca27318fe7"
        },
        "files": [
            "config/bootstrap.php",
            "config/packages/cache.yaml",
            "config/packages/framework.yaml",
            "config/packages/test/framework.yaml",
            "config/preload.php",
            "config/routes/dev/framework.yaml",
            "config/services.yaml",
            "public/index.php",
            "src/Controller/.gitignore",
            "src/Kernel.php"
        ]
    },
    "symfony/monolog-bundle": {
        "version": "3.8",
        "recipe": {
            "repo": "github.com/symfony/recipes",
            "branch": "main",
            "version": "3.3",
            "ref": "2120e71a370db3a494b8afcc42d7cfb2cff6f910"
        },
        "files": [
            "config/packages/dev/monolog.yaml",
            "config/packages/prod/deprecations.yaml",
            "config/packages/prod/monolog.yaml",
            "config/packages/test/monolog.yaml"
        ]
    },
    "symfony/phpunit-bridge": {
        "version": "5.4",
        "recipe": {
            "repo": "github.com/symfony/recipes",
            "branch": "main",
            "version": "5.1",
            "ref": "2f91477d6efaed3fb857db87480f7d07d31cbb3e"
        },
        "files": [
            ".env.test",
            "bin/phpunit",
            "phpunit.xml.dist",
            "tests/bootstrap.php"
        ]
    },
    "symfony/routing": {
        "version": "4.4",
        "recipe": {
            "repo": "github.com/symfony/recipes",
            "branch": "main",
            "version": "4.2",
            "ref": "683dcb08707ba8d41b7e34adb0344bfd68d248a7"
        },
        "files": [
            "config/packages/prod/routing.yaml",
            "config/packages/routing.yaml",
            "config/routes.yaml"
        ]
    },
    "symfony/security-bundle": {
        "version": "4.4",
        "recipe": {
            "repo": "github.com/symfony/recipes",
            "branch": "main",
            "version": "4.4",
            "ref": "7b4408dc203049666fe23fabed23cbadc6d8440f"
        },
        "files": [
            "config/packages/security.yaml"
        ]
    },
    "symfony/swiftmailer-bundle": {
        "version": "3.5",
        "recipe": {
            "repo": "github.com/symfony/recipes",
            "branch": "main",
            "version": "2.5",
            "ref": "f0b2fccdca2dfd97dc2fd5ad216d5e27c4f895ac"
        },
        "files": [
            "config/packages/dev/swiftmailer.yaml",
            "config/packages/swiftmailer.yaml",
            "config/packages/test/swiftmailer.yaml"
        ]
    },
    "symfony/translation": {
        "version": "4.4",
        "recipe": {
            "repo": "github.com/symfony/recipes",
            "branch": "main",
            "version": "3.3",
            "ref": "2ad9d2545bce8ca1a863e50e92141f0b9d87ffcd"
        },
        "files": [
            "config/packages/translation.yaml",
            "translations/.gitignore"
        ]
    },
    "symfony/twig-bundle": {
        "version": "4.4",
        "recipe": {
            "repo": "github.com/symfony/recipes",
            "branch": "main",
            "version": "4.4",
            "ref": "73baff3f7b3cea12a73812a7cfd2c0924a9e250f"
        },
        "files": [
            "config/packages/test/twig.yaml",
            "config/packages/twig.yaml",
            "templates/base.html.twig"
        ]
    },
    "symfony/validator": {
        "version": "4.4",
        "recipe": {
            "repo": "github.com/symfony/recipes",
            "branch": "main",
            "version": "4.3",
            "ref": "3eb8df139ec05414489d55b97603c5f6ca0c44cb"
        },
        "files": [
            "config/packages/test/validator.yaml",
            "config/packages/validator.yaml"
        ]
    },
    "symfony/web-profiler-bundle": {
        "version": "4.4",
        "recipe": {
            "repo": "github.com/symfony/recipes",
            "branch": "main",
            "version": "3.3",
            "ref": "6bdfa1a95f6b2e677ab985cd1af2eae35d62e0f6"
        },
        "files": [
            "config/packages/dev/web_profiler.yaml",
            "config/packages/test/web_profiler.yaml",
            "config/routes/dev/web_profiler.yaml"
        ]
    },
    "symfony/webpack-encore-bundle": {
        "version": "1.17",
        "recipe": {
            "repo": "github.com/symfony/recipes",
            "branch": "main",
            "version": "1.9",
            "ref": "f466b6384e592cfda11ca2361bbf7c7287b58f55"
        },
        "files": [
            "assets/app.js",
            "assets/bootstrap.js",
            "assets/controllers.json",
            "assets/controllers/hello_controller.js",
            "assets/styles/app.css",
            "config/packages/webpack_encore.yaml",
            "package.json",
            "webpack.config.js"
        ]
    },
    "twig/extensions": {
        "version": "1.5",
        "recipe": {
            "repo": "github.com/symfony/recipes",
            "branch": "main",
            "version": "1.0",
            "ref": "a86723ee8d8b2f9437c8ce60a5546a1c267da5ed"
        },
        "files": [
            "config/packages/twig_extensions.yaml"
        ]
    },
    "vich/uploader-bundle": {
        "version": "1.23",
        "recipe": {
            "repo": "github.com/symfony/recipes-contrib",
            "branch": "main",
            "version": "1.13",
            "ref": "1b3064c2f6b255c2bc2f56461aaeb76b11e07e36"
        },
        "files": [
            "config/packages/vich_uploader.yaml"
        ]
    }
}
